
Microsoft Visual Studio Solution File, Format Version 12.00
# Visual Studio 15
VisualStudioVersion = 15.0.28010.2026
MinimumVisualStudioVersion = 10.0.40219.1
Project("{FAE04EC0-301F-11D3-BF4B-00C04F79EFBC}") = "OrleansSilo", "OrleansSilo\OrleansSilo.csproj", "{D4B2FDF8-3677-4BB3-A785-28B212D44B0C}"
EndProject
Global
	GlobalSection(SolutionConfigurationPlatforms) = preSolution
		Debug|Any CPU = Debug|Any CPU
		Release|Any CPU = Release|Any CPU
	EndGlobalSection
	GlobalSection(ProjectConfigurationPlatforms) = postSolution
		{D4B2FDF8-3677-4BB3-A785-28B212D44B0C}.Debug|Any CPU.ActiveCfg = Debug|Any CPU
		{D4B2FDF8-3677-4BB3-A785-28B212D44B0C}.Debug|Any CPU.Build.0 = Debug|Any CPU
		{D4B2FDF8-3677-4BB3-A785-28B212D44B0C}.Release|Any CPU.ActiveCfg = Release|Any CPU
		{D4B2FDF8-3677-4BB3-A785-28B212D44B0C}.Release|Any CPU.Build.0 = Release|Any CPU
	EndGlobalSection
	GlobalSection(SolutionProperties) = preSolution
		HideSolutionNode = FALSE
	EndGlobalSection
	GlobalSection(ExtensibilityGlobals) = postSolution
		SolutionGuid = {94D4491F-9AFF-449E-B6D5-0DC0456EEFCF}
	EndGlobalSection
EndGlobal
